
Microsoft Visual Studio Solution File, Format Version 12.00
# Visual Studio 14
VisualStudioVersion = 14.0.23107.0
MinimumVisualStudioVersion = 10.0.40219.1
Project("{FAE04EC0-301F-11D3-BF4B-00C04F79EFBC}") = "FileMerger", "FileMerger.csproj", "{DED14E96-7F56-4219-B75A-7CB80428179A}"
EndProject
Global
	GlobalSection(SolutionConfigurationPlatforms) = preSolution
		Debug|Any CPU = Debug|Any CPU
		Release|Any CPU = Release|Any CPU
	EndGlobalSection
	GlobalSection(ProjectConfigurationPlatforms) = postSolution
		{DED14E96-7F56-4219-B75A-7CB80428179A}.Debug|Any CPU.ActiveCfg = Debug|Any CPU
		{DED14E96-7F56-4219-B75A-7CB80428179A}.Debug|Any CPU.Build.0 = Debug|Any CPU
		{DED14E96-7F56-4219-B75A-7CB80428179A}.Release|Any CPU.ActiveCfg = Release|Any CPU
		{DED14E96-7F56-4219-B75A-7CB80428179A}.Release|Any CPU.Build.0 = Release|Any CPU
	EndGlobalSection
	GlobalSection(SolutionProperties) = preSolution
		HideSolutionNode = FALSE
	EndGlobalSection
EndGlobal
